
Microsoft Visual Studio Solution File, Format Version 11.00
# Visual Studio 2010
Project("{FAE04EC0-301F-11D3-BF4B-00C04F79EFBC}") = "GeradorDeClasses", "GeradorDeClasses\GeradorDeClasses.csproj", "{26C5824D-742B-4A29-8624-12BBC3EC2E24}"
EndProject
Project("{FAE04EC0-301F-11D3-BF4B-00C04F79EFBC}") = "NetSistema.DTO", "NetSistema.DTO\NetSistema.DTO.csproj", "{9EBCFBA5-4BEA-486B-8C77-FB6CE0108169}"
EndProject
Project("{FAE04EC0-301F-11D3-BF4B-00C04F79EFBC}") = "NetSistema.DAO", "NetSistema.DAO\NetSistema.DAO.csproj", "{597C4FC3-5B59-40B1-90C3-1D86880C76F4}"
EndProject
Project("{FAE04EC0-301F-11D3-BF4B-00C04F79EFBC}") = "NetSistema.UI", "NetSistemas.UI\NetSistema.UI.csproj", "{1EB57F5D-F539-4223-9166-8C02C9B60C73}"
EndProject
Project("{FAE04EC0-301F-11D3-BF4B-00C04F79EFBC}") = "NetSistema.Controller", "NetSistema.Controller\NetSistema.Controller.csproj", "{728AC49F-19FF-425B-BDA9-487E530425B8}"
EndProject
Project("{2150E333-8FDC-42A3-9474-1A3956D46DE8}") = "Solution Items", "Solution Items", "{0C238184-14BD-46A3-B88B-35E34579DF5D}"
	ProjectSection(SolutionItems) = preProject
		Local.testsettings = Local.testsettings
		NET Sistemas.vsmdi = NET Sistemas.vsmdi
		TraceAndTestImpact.testsettings = TraceAndTestImpact.testsettings
	EndProjectSection
EndProject
Global
	GlobalSection(TestCaseManagementSettings) = postSolution
		CategoryFile = NET Sistemas.vsmdi
	EndGlobalSection
	GlobalSection(SolutionConfigurationPlatforms) = preSolution
		Debug|Any CPU = Debug|Any CPU
		Debug|Mixed Platforms = Debug|Mixed Platforms
		Debug|x86 = Debug|x86
		Release|Any CPU = Release|Any CPU
		Release|Mixed Platforms = Release|Mixed Platforms
		Release|x86 = Release|x86
	EndGlobalSection
	GlobalSection(ProjectConfigurationPlatforms) = postSolution
		{26C5824D-742B-4A29-8624-12BBC3EC2E24}.Debug|Any CPU.ActiveCfg = Debug|x86
		{26C5824D-742B-4A29-8624-12BBC3EC2E24}.Debug|Mixed Platforms.ActiveCfg = Debug|x86
		{26C5824D-742B-4A29-8624-12BBC3EC2E24}.Debug|Mixed Platforms.Build.0 = Debug|x86
		{26C5824D-742B-4A29-8624-12BBC3EC2E24}.Debug|x86.ActiveCfg = Debug|x86
		{26C5824D-742B-4A29-8624-12BBC3EC2E24}.Debug|x86.Build.0 = Debug|x86
		{26C5824D-742B-4A29-8624-12BBC3EC2E24}.Release|Any CPU.ActiveCfg = Release|x86
		{26C5824D-742B-4A29-8624-12BBC3EC2E24}.Release|Mixed Platforms.ActiveCfg = Release|x86
		{26C5824D-742B-4A29-8624-12BBC3EC2E24}.Release|Mixed Platforms.Build.0 = Release|x86
		{26C5824D-742B-4A29-8624-12BBC3EC2E24}.Release|x86.ActiveCfg = Release|x86
		{26C5824D-742B-4A29-8624-12BBC3EC2E24}.Release|x86.Build.0 = Release|x86
		{9EBCFBA5-4BEA-486B-8C77-FB6CE0108169}.Debug|Any CPU.ActiveCfg = Debug|Any CPU
		{9EBCFBA5-4BEA-486B-8C77-FB6CE0108169}.Debug|Any CPU.Build.0 = Debug|Any CPU
		{9EBCFBA5-4BEA-486B-8C77-FB6CE0108169}.Debug|Mixed Platforms.ActiveCfg = Debug|Any CPU
		{9EBCFBA5-4BEA-486B-8C77-FB6CE0108169}.Debug|Mixed Platforms.Build.0 = Debug|Any CPU
		{9EBCFBA5-4BEA-486B-8C77-FB6CE0108169}.Debug|x86.ActiveCfg = Debug|Any CPU
		{9EBCFBA5-4BEA-486B-8C77-FB6CE0108169}.Release|Any CPU.ActiveCfg = Release|Any CPU
		{9EBCFBA5-4BEA-486B-8C77-FB6CE0108169}.Release|Any CPU.Build.0 = Release|Any CPU
		{9EBCFBA5-4BEA-486B-8C77-FB6CE0108169}.Release|Mixed Platforms.ActiveCfg = Release|Any CPU
		{9EBCFBA5-4BEA-486B-8C77-FB6CE0108169}.Release|Mixed Platforms.Build.0 = Release|Any CPU
		{9EBCFBA5-4BEA-486B-8C77-FB6CE0108169}.Release|x86.ActiveCfg = Release|Any CPU
		{597C4FC3-5B59-40B1-90C3-1D86880C76F4}.Debug|Any CPU.ActiveCfg = Debug|Any CPU
		{597C4FC3-5B59-40B1-90C3-1D86880C76F4}.Debug|Any CPU.Build.0 = Debug|Any CPU
		{597C4FC3-5B59-40B1-90C3-1D86880C76F4}.Debug|Mixed Platforms.ActiveCfg = Debug|Any CPU
		{597C4FC3-5B59-40B1-90C3-1D86880C76F4}.Debug|Mixed Platforms.Build.0 = Debug|Any CPU
		{597C4FC3-5B59-40B1-90C3-1D86880C76F4}.Debug|x86.ActiveCfg = Debug|Any CPU
		{597C4FC3-5B59-40B1-90C3-1D86880C76F4}.Release|Any CPU.ActiveCfg = Release|Any CPU
		{597C4FC3-5B59-40B1-90C3-1D86880C76F4}.Release|Any CPU.Build.0 = Release|Any CPU
		{597C4FC3-5B59-40B1-90C3-1D86880C76F4}.Release|Mixed Platforms.ActiveCfg = Release|Any CPU
		{597C4FC3-5B59-40B1-90C3-1D86880C76F4}.Release|Mixed Platforms.Build.0 = Release|Any CPU
		{597C4FC3-5B59-40B1-90C3-1D86880C76F4}.Release|x86.ActiveCfg = Release|Any CPU
		{1EB57F5D-F539-4223-9166-8C02C9B60C73}.Debug|Any CPU.ActiveCfg = Debug|Any CPU
		{1EB57F5D-F539-4223-9166-8C02C9B60C73}.Debug|Any CPU.Build.0 = Debug|Any CPU
		{1EB57F5D-F539-4223-9166-8C02C9B60C73}.Debug|Mixed Platforms.ActiveCfg = Debug|Any CPU
		{1EB57F5D-F539-4223-9166-8C02C9B60C73}.Debug|Mixed Platforms.Build.0 = Debug|Any CPU
		{1EB57F5D-F539-4223-9166-8C02C9B60C73}.Debug|x86.ActiveCfg = Debug|Any CPU
		{1EB57F5D-F539-4223-9166-8C02C9B60C73}.Release|Any CPU.ActiveCfg = Release|Any CPU
		{1EB57F5D-F539-4223-9166-8C02C9B60C73}.Release|Any CPU.Build.0 = Release|Any CPU
		{1EB57F5D-F539-4223-9166-8C02C9B60C73}.Release|Mixed Platforms.ActiveCfg = Release|Any CPU
		{1EB57F5D-F539-4223-9166-8C02C9B60C73}.Release|Mixed Platforms.Build.0 = Release|Any CPU
		{1EB57F5D-F539-4223-9166-8C02C9B60C73}.Release|x86.ActiveCfg = Release|Any CPU
		{728AC49F-19FF-425B-BDA9-487E530425B8}.Debug|Any CPU.ActiveCfg = Debug|Any CPU
		{728AC49F-19FF-425B-BDA9-487E530425B8}.Debug|Any CPU.Build.0 = Debug|Any CPU
		{728AC49F-19FF-425B-BDA9-487E530425B8}.Debug|Mixed Platforms.ActiveCfg = Debug|Any CPU
		{728AC49F-19FF-425B-BDA9-487E530425B8}.Debug|Mixed Platforms.Build.0 = Debug|Any CPU
		{728AC49F-19FF-425B-BDA9-487E530425B8}.Debug|x86.ActiveCfg = Debug|Any CPU
		{728AC49F-19FF-425B-BDA9-487E530425B8}.Release|Any CPU.ActiveCfg = Release|Any CPU
		{728AC49F-19FF-425B-BDA9-487E530425B8}.Release|Any CPU.Build.0 = Release|Any CPU
		{728AC49F-19FF-425B-BDA9-487E530425B8}.Release|Mixed Platforms.ActiveCfg = Release|Any CPU
		{728AC49F-19FF-425B-BDA9-487E530425B8}.Release|Mixed Platforms.Build.0 = Release|Any CPU
		{728AC49F-19FF-425B-BDA9-487E530425B8}.Release|x86.ActiveCfg = Release|Any CPU
	EndGlobalSection
	GlobalSection(SolutionProperties) = preSolution
		HideSolutionNode = FALSE
	EndGlobalSection
EndGlobal
